{
  "nodes": {
    "nixpkgs": {
      "locked": {
        "lastModified": 1767827338,
        "narHash": "sha256-8wzbsw66ziUrURbOgEZ0nRczj4HFfEMMwr0cy+/y3Ww=",
        "owner": "NixOS",
        "repo": "nixpkgs",
        "rev": "bd28266194243455f684a07987efc83c1ab312f0",
        "type": "github"
      },
      "original": {
        "owner": "NixOS",
        "repo": "nixpkgs",
        "type": "github"
      }
    },
    "root": {
      "inputs": {
        "nixpkgs": "nixpkgs"
      }
    }
  },
  "root": "root",
  "version": 7
}
